
Microsoft Visual Studio Solution File, Format Version 12.00
# Visual Studio Version 17
VisualStudioVersion = 17.9.34728.123
MinimumVisualStudioVersion = 10.0.40219.1
Project("{FAE04EC0-301F-11D3-BF4B-00C04F79EFBC}") = "Projeto02Impacta", "Projeto02Impacta\Projeto02Impacta.csproj", "{15C75CEB-50EC-434B-BBD7-A491FAC21E39}"
EndProject
Global
	GlobalSection(SolutionConfigurationPlatforms) = preSolution
		Debug|Any CPU = Debug|Any CPU
		Release|Any CPU = Release|Any CPU
	EndGlobalSection
	GlobalSection(ProjectConfigurationPlatforms) = postSolution
		{15C75CEB-50EC-434B-BBD7-A491FAC21E39}.Debug|Any CPU.ActiveCfg = Debug|Any CPU
		{15C75CEB-50EC-434B-BBD7-A491FAC21E39}.Debug|Any CPU.Build.0 = Debug|Any CPU
		{15C75CEB-50EC-434B-BBD7-A491FAC21E39}.Release|Any CPU.ActiveCfg = Release|Any CPU
		{15C75CEB-50EC-434B-BBD7-A491FAC21E39}.Release|Any CPU.Build.0 = Release|Any CPU
	EndGlobalSection
	GlobalSection(SolutionProperties) = preSolution
		HideSolutionNode = FALSE
	EndGlobalSection
	GlobalSection(ExtensibilityGlobals) = postSolution
		SolutionGuid = {5BE63E99-1463-4DB8-8DCF-5204BE44F1E1}
	EndGlobalSection
EndGlobal
